
Microsoft Visual Studio Solution File, Format Version 12.00
# Visual Studio 15
VisualStudioVersion = 15.0.28307.168
MinimumVisualStudioVersion = 10.0.40219.1
Project("{C7167F0D-BC9F-4E6E-AFE1-012C56B48DB5}") = "AppServiceTest", "AppServiceTest\AppServiceTest.wapproj", "{3BDF8F66-9830-4D4C-9389-075E9E3A0C55}"
EndProject
Project("{FAE04EC0-301F-11D3-BF4B-00C04F79EFBC}") = "AppServiceTest.UI", "AppServiceTest.UI\AppServiceTest.UI.csproj", "{61A99019-37E6-49AE-9C24-96FC55CBC163}"
EndProject
Project("{FAE04EC0-301F-11D3-BF4B-00C04F79EFBC}") = "AppServiceTest.Systray", "AppServiceTest.Systray\AppServiceTest.Systray.csproj", "{E9D78B86-2458-42AD-BE7B-A09FEDD55485}"
EndProject
Global
	GlobalSection(SolutionConfigurationPlatforms) = preSolution
		Debug|Any CPU = Debug|Any CPU
		Debug|ARM = Debug|ARM
		Debug|ARM64 = Debug|ARM64
		Debug|x64 = Debug|x64
		Debug|x86 = Debug|x86
		Release|Any CPU = Release|Any CPU
		Release|ARM = Release|ARM
		Release|ARM64 = Release|ARM64
		Release|x64 = Release|x64
		Release|x86 = Release|x86
	EndGlobalSection
	GlobalSection(ProjectConfigurationPlatforms) = postSolution
		{3BDF8F66-9830-4D4C-9389-075E9E3A0C55}.Debug|Any CPU.ActiveCfg = Debug|x86
		{3BDF8F66-9830-4D4C-9389-075E9E3A0C55}.Debug|Any CPU.Build.0 = Debug|x86
		{3BDF8F66-9830-4D4C-9389-075E9E3A0C55}.Debug|Any CPU.Deploy.0 = Debug|x86
		{3BDF8F66-9830-4D4C-9389-075E9E3A0C55}.Debug|ARM.ActiveCfg = Debug|Any CPU
		{3BDF8F66-9830-4D4C-9389-075E9E3A0C55}.Debug|ARM.Build.0 = Debug|Any CPU
		{3BDF8F66-9830-4D4C-9389-075E9E3A0C55}.Debug|ARM.Deploy.0 = Debug|Any CPU
		{3BDF8F66-9830-4D4C-9389-075E9E3A0C55}.Debug|ARM64.ActiveCfg = Debug|Any CPU
		{3BDF8F66-9830-4D4C-9389-075E9E3A0C55}.Debug|ARM64.Build.0 = Debug|Any CPU
		{3BDF8F66-9830-4D4C-9389-075E9E3A0C55}.Debug|ARM64.Deploy.0 = Debug|Any CPU
		{3BDF8F66-9830-4D4C-9389-075E9E3A0C55}.Debug|x64.ActiveCfg = Debug|x64
		{3BDF8F66-9830-4D4C-9389-075E9E3A0C55}.Debug|x64.Build.0 = Debug|x64
		{3BDF8F66-9830-4D4C-9389-075E9E3A0C55}.Debug|x64.Deploy.0 = Debug|x64
		{3BDF8F66-9830-4D4C-9389-075E9E3A0C55}.Debug|x86.ActiveCfg = Debug|x86
		{3BDF8F66-9830-4D4C-9389-075E9E3A0C55}.Debug|x86.Build.0 = Debug|x86
		{3BDF8F66-9830-4D4C-9389-075E9E3A0C55}.Debug|x86.Deploy.0 = Debug|x86
		{3BDF8F66-9830-4D4C-9389-075E9E3A0C55}.Release|Any CPU.ActiveCfg = Release|Any CPU
		{3BDF8F66-9830-4D4C-9389-075E9E3A0C55}.Release|Any CPU.Build.0 = Release|Any CPU
		{3BDF8F66-9830-4D4C-9389-075E9E3A0C55}.Release|Any CPU.Deploy.0 = Release|Any CPU
		{3BDF8F66-9830-4D4C-9389-075E9E3A0C55}.Release|ARM.ActiveCfg = Release|Any CPU
		{3BDF8F66-9830-4D4C-9389-075E9E3A0C55}.Release|ARM.Build.0 = Release|Any CPU
		{3BDF8F66-9830-4D4C-9389-075E9E3A0C55}.Release|ARM.Deploy.0 = Release|Any CPU
		{3BDF8F66-9830-4D4C-9389-075E9E3A0C55}.Release|ARM64.ActiveCfg = Release|Any CPU
		{3BDF8F66-9830-4D4C-9389-075E9E3A0C55}.Release|ARM64.Build.0 = Release|Any CPU
		{3BDF8F66-9830-4D4C-9389-075E9E3A0C55}.Release|ARM64.Deploy.0 = Release|Any CPU
		{3BDF8F66-9830-4D4C-9389-075E9E3A0C55}.Release|x64.ActiveCfg = Release|x64
		{3BDF8F66-9830-4D4C-9389-075E9E3A0C55}.Release|x64.Build.0 = Release|x64
		{3BDF8F66-9830-4D4C-9389-075E9E3A0C55}.Release|x64.Deploy.0 = Release|x64
		{3BDF8F66-9830-4D4C-9389-075E9E3A0C55}.Release|x86.ActiveCfg = Release|x86
		{3BDF8F66-9830-4D4C-9389-075E9E3A0C55}.Release|x86.Build.0 = Release|x86
		{3BDF8F66-9830-4D4C-9389-075E9E3A0C55}.Release|x86.Deploy.0 = Release|x86
		{61A99019-37E6-49AE-9C24-96FC55CBC163}.Debug|Any CPU.ActiveCfg = Debug|x86
		{61A99019-37E6-49AE-9C24-96FC55CBC163}.Debug|Any CPU.Build.0 = Debug|x86
		{61A99019-37E6-49AE-9C24-96FC55CBC163}.Debug|Any CPU.Deploy.0 = Debug|x86
		{61A99019-37E6-49AE-9C24-96FC55CBC163}.Debug|ARM.ActiveCfg = Debug|ARM
		{61A99019-37E6-49AE-9C24-96FC55CBC163}.Debug|ARM.Build.0 = Debug|ARM
		{61A99019-37E6-49AE-9C24-96FC55CBC163}.Debug|ARM.Deploy.0 = Debug|ARM
		{61A99019-37E6-49AE-9C24-96FC55CBC163}.Debug|ARM64.ActiveCfg = Debug|ARM64
		{61A99019-37E6-49AE-9C24-96FC55CBC163}.Debug|ARM64.Build.0 = Debug|ARM64
		{61A99019-37E6-49AE-9C24-96FC55CBC163}.Debug|ARM64.Deploy.0 = Debug|ARM64
		{61A99019-37E6-49AE-9C24-96FC55CBC163}.Debug|x64.ActiveCfg = Debug|x64
		{61A99019-37E6-49AE-9C24-96FC55CBC163}.Debug|x64.Build.0 = Debug|x64
		{61A99019-37E6-49AE-9C24-96FC55CBC163}.Debug|x64.Deploy.0 = Debug|x64
		{61A99019-37E6-49AE-9C24-96FC55CBC163}.Debug|x86.ActiveCfg = Debug|x86
		{61A99019-37E6-49AE-9C24-96FC55CBC163}.Debug|x86.Build.0 = Debug|x86
		{61A99019-37E6-49AE-9C24-96FC55CBC163}.Debug|x86.Deploy.0 = Debug|x86
		{61A99019-37E6-49AE-9C24-96FC55CBC163}.Release|Any CPU.ActiveCfg = Release|x86
		{61A99019-37E6-49AE-9C24-96FC55CBC163}.Release|ARM.ActiveCfg = Release|ARM
		{61A99019-37E6-49AE-9C24-96FC55CBC163}.Release|ARM.Build.0 = Release|ARM
		{61A99019-37E6-49AE-9C24-96FC55CBC163}.Release|ARM.Deploy.0 = Release|ARM
		{61A99019-37E6-49AE-9C24-96FC55CBC163}.Release|ARM64.ActiveCfg = Release|ARM64
		{61A99019-37E6-49AE-9C24-96FC55CBC163}.Release|ARM64.Build.0 = Release|ARM64
		{61A99019-37E6-49AE-9C24-96FC55CBC163}.Release|ARM64.Deploy.0 = Release|ARM64
		{61A99019-37E6-49AE-9C24-96FC55CBC163}.Release|x64.ActiveCfg = Release|x64
		{61A99019-37E6-49AE-9C24-96FC55CBC163}.Release|x64.Build.0 = Release|x64
		{61A99019-37E6-49AE-9C24-96FC55CBC163}.Release|x64.Deploy.0 = Release|x64
		{61A99019-37E6-49AE-9C24-96FC55CBC163}.Release|x86.ActiveCfg = Release|x86
		{61A99019-37E6-49AE-9C24-96FC55CBC163}.Release|x86.Build.0 = Release|x86
		{61A99019-37E6-49AE-9C24-96FC55CBC163}.Release|x86.Deploy.0 = Release|x86
		{E9D78B86-2458-42AD-BE7B-A09FEDD55485}.Debug|Any CPU.ActiveCfg = Debug|Any CPU
		{E9D78B86-2458-42AD-BE7B-A09FEDD55485}.Debug|Any CPU.Build.0 = Debug|Any CPU
		{E9D78B86-2458-42AD-BE7B-A09FEDD55485}.Debug|ARM.ActiveCfg = Debug|Any CPU
		{E9D78B86-2458-42AD-BE7B-A09FEDD55485}.Debug|ARM.Build.0 = Debug|Any CPU
		{E9D78B86-2458-42AD-BE7B-A09FEDD55485}.Debug|ARM64.ActiveCfg = Debug|Any CPU
		{E9D78B86-2458-42AD-BE7B-A09FEDD55485}.Debug|ARM64.Build.0 = Debug|Any CPU
		{E9D78B86-2458-42AD-BE7B-A09FEDD55485}.Debug|x64.ActiveCfg = Debug|Any CPU
		{E9D78B86-2458-42AD-BE7B-A09FEDD55485}.Debug|x64.Build.0 = Debug|Any CPU
		{E9D78B86-2458-42AD-BE7B-A09FEDD55485}.Debug|x86.ActiveCfg = Debug|Any CPU
		{E9D78B86-2458-42AD-BE7B-A09FEDD55485}.Debug|x86.Build.0 = Debug|Any CPU
		{E9D78B86-2458-42AD-BE7B-A09FEDD55485}.Release|Any CPU.ActiveCfg = Release|Any CPU
		{E9D78B86-2458-42AD-BE7B-A09FEDD55485}.Release|Any CPU.Build.0 = Release|Any CPU
		{E9D78B86-2458-42AD-BE7B-A09FEDD55485}.Release|ARM.ActiveCfg = Release|Any CPU
		{E9D78B86-2458-42AD-BE7B-A09FEDD55485}.Release|ARM.Build.0 = Release|Any CPU
		{E9D78B86-2458-42AD-BE7B-A09FEDD55485}.Release|ARM64.ActiveCfg = Release|Any CPU
		{E9D78B86-2458-42AD-BE7B-A09FEDD55485}.Release|ARM64.Build.0 = Release|Any CPU
		{E9D78B86-2458-42AD-BE7B-A09FEDD55485}.Release|x64.ActiveCfg = Release|Any CPU
		{E9D78B86-2458-42AD-BE7B-A09FEDD55485}.Release|x64.Build.0 = Release|Any CPU
		{E9D78B86-2458-42AD-BE7B-A09FEDD55485}.Release|x86.ActiveCfg = Release|Any CPU
		{E9D78B86-2458-42AD-BE7B-A09FEDD55485}.Release|x86.Build.0 = Release|Any CPU
	EndGlobalSection
	GlobalSection(SolutionProperties) = preSolution
		HideSolutionNode = FALSE
	EndGlobalSection
	GlobalSection(ExtensibilityGlobals) = postSolution
		SolutionGuid = {099A6298-11C0-43E7-9430-9CA5436A391A}
	EndGlobalSection
EndGlobal
